// !$*UTF8*$!
{
	archiveVersion = 1;
	classes = {
	};
	objectVersion = 77;
	objects = {

/* Begin PBXBuildFile section */
		E10000000000000000000004 /* TokenroomWidgets.appex in Embed Foundation Extensions */ = {isa = PBXBuildFile; fileRef = E10000000000000000000001 /* TokenroomWidgets.appex */; settings = {ATTRIBUTES = (RemoveHeadersOnCopy, ); }; };
		F10000000000000000000004 /* TokenroomWatch.app in Embed Watch Content */ = {isa = PBXBuildFile; fileRef = F10000000000000000000001 /* TokenroomWatch.app */; settings = {ATTRIBUTES = (RemoveHeadersOnCopy, ); }; };
		F20000000000000000000004 /* TokenroomWatchWidgets.appex in Embed Foundation Extensions */ = {isa = PBXBuildFile; fileRef = F20000000000000000000001 /* TokenroomWatchWidgets.appex */; settings = {ATTRIBUTES = (RemoveHeadersOnCopy, ); }; };
/* End PBXBuildFile section */

/* Begin PBXContainerItemProxy section */
		D20000000000000000000005 /* PBXContainerItemProxy */ = {
			isa = PBXContainerItemProxy;
			containerPortal = AA0000000000000000000008 /* Project object */;
			proxyType = 1;
			remoteGlobalIDString = D10000000000000000000010;
			remoteInfo = TokenroomMobile;
		};
		AA0000000000000000000017 /* PBXContainerItemProxy */ = {
			isa = PBXContainerItemProxy;
			containerPortal = AA0000000000000000000008 /* Project object */;
			proxyType = 1;
			remoteGlobalIDString = AA0000000000000000000002;
			remoteInfo = Tokenroom;
		};
		E10000000000000000000005 /* PBXContainerItemProxy */ = {
			isa = PBXContainerItemProxy;
			containerPortal = AA0000000000000000000008 /* Project object */;
			proxyType = 1;
			remoteGlobalIDString = E10000000000000000000010;
			remoteInfo = TokenroomWidgets;
		};
		F10000000000000000000005 /* PBXContainerItemProxy */ = {
			isa = PBXContainerItemProxy;
			containerPortal = AA0000000000000000000008 /* Project object */;
			proxyType = 1;
			remoteGlobalIDString = F10000000000000000000010;
			remoteInfo = TokenroomWatch;
		};
		F20000000000000000000005 /* PBXContainerItemProxy */ = {
			isa = PBXContainerItemProxy;
			containerPortal = AA0000000000000000000008 /* Project object */;
			proxyType = 1;
			remoteGlobalIDString = F20000000000000000000010;
			remoteInfo = TokenroomWatchWidgets;
		};
/* End PBXContainerItemProxy section */

/* Begin PBXCopyFilesBuildPhase section */
		D10000000000000000000014 /* Embed Foundation Extensions */ = {
			isa = PBXCopyFilesBuildPhase;
			buildActionMask = 2147483647;
			dstPath = "";
			dstSubfolderSpec = 13;
			files = (
				E10000000000000000000004 /* TokenroomWidgets.appex in Embed Foundation Extensions */,
			);
			name = "Embed Foundation Extensions";
			runOnlyForDeploymentPostprocessing = 0;
		};
		D10000000000000000000015 /* Embed Watch Content */ = {
			isa = PBXCopyFilesBuildPhase;
			buildActionMask = 2147483647;
			dstPath = "$(CONTENTS_FOLDER_PATH)/Watch";
			dstSubfolderSpec = 16;
			files = (
				F10000000000000000000004 /* TokenroomWatch.app in Embed Watch Content */,
			);
			name = "Embed Watch Content";
			runOnlyForDeploymentPostprocessing = 0;
		};
		F10000000000000000000007 /* Embed Foundation Extensions */ = {
			isa = PBXCopyFilesBuildPhase;
			buildActionMask = 2147483647;
			dstPath = "";
			dstSubfolderSpec = 13;
			files = (
				F20000000000000000000004 /* TokenroomWatchWidgets.appex in Embed Foundation Extensions */,
			);
			name = "Embed Foundation Extensions";
			runOnlyForDeploymentPostprocessing = 0;
		};
/* End PBXCopyFilesBuildPhase section */

/* Begin PBXFileReference section */
		AA0000000000000000000004 /* Tokenroom.app */ = {isa = PBXFileReference; explicitFileType = wrapper.application; includeInIndex = 0; path = Tokenroom.app; sourceTree = BUILT_PRODUCTS_DIR; };
		AA0000000000000000000005 /* TokenroomTests.xctest */ = {isa = PBXFileReference; explicitFileType = wrapper.cfbundle; includeInIndex = 0; path = TokenroomTests.xctest; sourceTree = BUILT_PRODUCTS_DIR; };
		CF0000000000000000000001 /* Base.xcconfig */ = {isa = PBXFileReference; lastKnownFileType = text.xcconfig; path = Base.xcconfig; sourceTree = "<group>"; };
		CF0000000000000000000002 /* Version.xcconfig */ = {isa = PBXFileReference; lastKnownFileType = text.xcconfig; path = Version.xcconfig; sourceTree = "<group>"; };
		CF0000000000000000000003 /* MacSigning.xcconfig */ = {isa = PBXFileReference; lastKnownFileType = text.xcconfig; path = MacSigning.xcconfig; sourceTree = "<group>"; };
		CF0000000000000000000004 /* Mac.xcconfig */ = {isa = PBXFileReference; lastKnownFileType = text.xcconfig; path = Mac.xcconfig; sourceTree = "<group>"; };
		CF0000000000000000000005 /* MacTests.xcconfig */ = {isa = PBXFileReference; lastKnownFileType = text.xcconfig; path = MacTests.xcconfig; sourceTree = "<group>"; };
		CF0000000000000000000006 /* Local.xcconfig.example */ = {isa = PBXFileReference; lastKnownFileType = text; path = Local.xcconfig.example; sourceTree = "<group>"; };
		D10000000000000000000001 /* TokenroomMobile.app */ = {isa = PBXFileReference; explicitFileType = wrapper.application; includeInIndex = 0; path = TokenroomMobile.app; sourceTree = BUILT_PRODUCTS_DIR; };
		CF0000000000000000000007 /* Mobile.xcconfig */ = {isa = PBXFileReference; lastKnownFileType = text.xcconfig; path = Mobile.xcconfig; sourceTree = "<group>"; };
		CF0000000000000000000008 /* Widgets.xcconfig */ = {isa = PBXFileReference; lastKnownFileType = text.xcconfig; path = Widgets.xcconfig; sourceTree = "<group>"; };
		E10000000000000000000001 /* TokenroomWidgets.appex */ = {isa = PBXFileReference; explicitFileType = "wrapper.app-extension"; includeInIndex = 0; path = TokenroomWidgets.appex; sourceTree = BUILT_PRODUCTS_DIR; };
		CF0000000000000000000009 /* Watch.xcconfig */ = {isa = PBXFileReference; lastKnownFileType = text.xcconfig; path = Watch.xcconfig; sourceTree = "<group>"; };
		CF000000000000000000000A /* WatchWidgets.xcconfig */ = {isa = PBXFileReference; lastKnownFileType = text.xcconfig; path = WatchWidgets.xcconfig; sourceTree = "<group>"; };
		CF000000000000000000000B /* MobileTests.xcconfig */ = {isa = PBXFileReference; lastKnownFileType = text.xcconfig; path = MobileTests.xcconfig; sourceTree = "<group>"; };
		D20000000000000000000001 /* TokenroomMobileTests.xctest */ = {isa = PBXFileReference; explicitFileType = wrapper.cfbundle; includeInIndex = 0; path = TokenroomMobileTests.xctest; sourceTree = BUILT_PRODUCTS_DIR; };
		F10000000000000000000001 /* TokenroomWatch.app */ = {isa = PBXFileReference; explicitFileType = wrapper.application; includeInIndex = 0; path = TokenroomWatch.app; sourceTree = BUILT_PRODUCTS_DIR; };
		F20000000000000000000001 /* TokenroomWatchWidgets.appex */ = {isa = PBXFileReference; explicitFileType = "wrapper.app-extension"; includeInIndex = 0; path = TokenroomWatchWidgets.appex; sourceTree = BUILT_PRODUCTS_DIR; };
/* End PBXFileReference section */

/* Begin PBXFileSystemSynchronizedBuildFileExceptionSet section */
		D10000000000000000000003 /* PBXFileSystemSynchronizedBuildFileExceptionSet */ = {
			isa = PBXFileSystemSynchronizedBuildFileExceptionSet;
			membershipExceptions = (
				Info.plist,
			);
			target = D10000000000000000000010 /* TokenroomMobile */;
		};
		E10000000000000000000003 /* PBXFileSystemSynchronizedBuildFileExceptionSet */ = {
			isa = PBXFileSystemSynchronizedBuildFileExceptionSet;
			membershipExceptions = (
				Info.plist,
			);
			target = E10000000000000000000010 /* TokenroomWidgets */;
		};
		F10000000000000000000003 /* PBXFileSystemSynchronizedBuildFileExceptionSet */ = {
			isa = PBXFileSystemSynchronizedBuildFileExceptionSet;
			membershipExceptions = (
				Info.plist,
			);
			target = F10000000000000000000010 /* TokenroomWatch */;
		};
		F20000000000000000000003 /* PBXFileSystemSynchronizedBuildFileExceptionSet */ = {
			isa = PBXFileSystemSynchronizedBuildFileExceptionSet;
			membershipExceptions = (
				Info.plist,
			);
			target = F20000000000000000000010 /* TokenroomWatchWidgets */;
		};
		5A0000000000000000000014 /* PBXFileSystemSynchronizedBuildFileExceptionSet */ = {
			isa = PBXFileSystemSynchronizedBuildFileExceptionSet;
			membershipExceptions = (
				PhoneSessionClient.swift,
				PhoneSessionStore.swift,
			);
			target = E10000000000000000000010 /* TokenroomWidgets */;
		};
/* End PBXFileSystemSynchronizedBuildFileExceptionSet section */

/* Begin PBXFileSystemSynchronizedRootGroup section */
		D20000000000000000000002 /* TokenroomMobileTests */ = {
			isa = PBXFileSystemSynchronizedRootGroup;
			path = TokenroomMobileTests;
			sourceTree = "<group>";
		};
		AA0000000000000000000006 /* Tokenroom */ = {
			isa = PBXFileSystemSynchronizedRootGroup;
			path = Tokenroom;
			sourceTree = "<group>";
		};
		AA0000000000000000000007 /* TokenroomTests */ = {
			isa = PBXFileSystemSynchronizedRootGroup;
			path = TokenroomTests;
			sourceTree = "<group>";
		};
		5A0000000000000000000001 /* Core */ = {
			isa = PBXFileSystemSynchronizedRootGroup;
			path = Core;
			sourceTree = "<group>";
		};
		5A0000000000000000000002 /* Relay */ = {
			isa = PBXFileSystemSynchronizedRootGroup;
			path = Relay;
			sourceTree = "<group>";
		};
		5A0000000000000000000003 /* UI */ = {
			isa = PBXFileSystemSynchronizedRootGroup;
			path = UI;
			sourceTree = "<group>";
		};
		5A0000000000000000000004 /* APIKeys */ = {
			isa = PBXFileSystemSynchronizedRootGroup;
			exceptions = (
				5A0000000000000000000014 /* PBXFileSystemSynchronizedBuildFileExceptionSet */,
			);
			path = APIKeys;
			sourceTree = "<group>";
		};
		5A0000000000000000000005 /* Widgets */ = {
			isa = PBXFileSystemSynchronizedRootGroup;
			path = Widgets;
			sourceTree = "<group>";
		};
		D10000000000000000000002 /* TokenroomMobile */ = {
			isa = PBXFileSystemSynchronizedRootGroup;
			exceptions = (
				D10000000000000000000003 /* PBXFileSystemSynchronizedBuildFileExceptionSet */,
			);
			path = TokenroomMobile;
			sourceTree = "<group>";
		};
		E10000000000000000000002 /* TokenroomWidgets */ = {
			isa = PBXFileSystemSynchronizedRootGroup;
			exceptions = (
				E10000000000000000000003 /* PBXFileSystemSynchronizedBuildFileExceptionSet */,
			);
			path = TokenroomWidgets;
			sourceTree = "<group>";
		};
		F10000000000000000000002 /* TokenroomWatch */ = {
			isa = PBXFileSystemSynchronizedRootGroup;
			exceptions = (
				F10000000000000000000003 /* PBXFileSystemSynchronizedBuildFileExceptionSet */,
			);
			path = TokenroomWatch;
			sourceTree = "<group>";
		};
		F20000000000000000000002 /* TokenroomWatchWidgets */ = {
			isa = PBXFileSystemSynchronizedRootGroup;
			exceptions = (
				F20000000000000000000003 /* PBXFileSystemSynchronizedBuildFileExceptionSet */,
			);
			path = TokenroomWatchWidgets;
			sourceTree = "<group>";
		};
/* End PBXFileSystemSynchronizedRootGroup section */

/* Begin PBXFrameworksBuildPhase section */
		D20000000000000000000012 /* Frameworks */ = {
			isa = PBXFrameworksBuildPhase;
			buildActionMask = 2147483647;
			files = (
			);
			runOnlyForDeploymentPostprocessing = 0;
		};
		AA0000000000000000000011 /* Frameworks */ = {
			isa = PBXFrameworksBuildPhase;
			buildActionMask = 2147483647;
			files = (
			);
			runOnlyForDeploymentPostprocessing = 0;
		};
		AA0000000000000000000014 /* Frameworks */ = {
			isa = PBXFrameworksBuildPhase;
			buildActionMask = 2147483647;
			files = (
			);
			runOnlyForDeploymentPostprocessing = 0;
		};
		D10000000000000000000012 /* Frameworks */ = {
			isa = PBXFrameworksBuildPhase;
			buildActionMask = 2147483647;
			files = (
			);
			runOnlyForDeploymentPostprocessing = 0;
		};
		E10000000000000000000012 /* Frameworks */ = {
			isa = PBXFrameworksBuildPhase;
			buildActionMask = 2147483647;
			files = (
			);
			runOnlyForDeploymentPostprocessing = 0;
		};
		F10000000000000000000012 /* Frameworks */ = {
			isa = PBXFrameworksBuildPhase;
			buildActionMask = 2147483647;
			files = (
			);
			runOnlyForDeploymentPostprocessing = 0;
		};
		F20000000000000000000012 /* Frameworks */ = {
			isa = PBXFrameworksBuildPhase;
			buildActionMask = 2147483647;
			files = (
			);
			runOnlyForDeploymentPostprocessing = 0;
		};
/* End PBXFrameworksBuildPhase section */

/* Begin PBXGroup section */
		AA0000000000000000000009 = {
			isa = PBXGroup;
			children = (
				CF0000000000000000000010 /* Config */,
				5A0000000000000000000010 /* Shared */,
				AA0000000000000000000006 /* Tokenroom */,
				AA0000000000000000000007 /* TokenroomTests */,
				D10000000000000000000002 /* TokenroomMobile */,
				D20000000000000000000002 /* TokenroomMobileTests */,
				E10000000000000000000002 /* TokenroomWidgets */,
				F10000000000000000000002 /* TokenroomWatch */,
				F20000000000000000000002 /* TokenroomWatchWidgets */,
				AA0000000000000000000010 /* Products */,
			);
			sourceTree = "<group>";
		};
		AA0000000000000000000010 /* Products */ = {
			isa = PBXGroup;
			children = (
				AA0000000000000000000004 /* Tokenroom.app */,
				AA0000000000000000000005 /* TokenroomTests.xctest */,
				D10000000000000000000001 /* TokenroomMobile.app */,
				D20000000000000000000001 /* TokenroomMobileTests.xctest */,
				E10000000000000000000001 /* TokenroomWidgets.appex */,
				F10000000000000000000001 /* TokenroomWatch.app */,
				F20000000000000000000001 /* TokenroomWatchWidgets.appex */,
			);
			name = Products;
			sourceTree = "<group>";
		};
		CF0000000000000000000010 /* Config */ = {
			isa = PBXGroup;
			children = (
				CF0000000000000000000001 /* Base.xcconfig */,
				CF0000000000000000000002 /* Version.xcconfig */,
				CF0000000000000000000003 /* MacSigning.xcconfig */,
				CF0000000000000000000004 /* Mac.xcconfig */,
				CF0000000000000000000005 /* MacTests.xcconfig */,
				CF0000000000000000000007 /* Mobile.xcconfig */,
				CF0000000000000000000008 /* Widgets.xcconfig */,
				CF0000000000000000000009 /* Watch.xcconfig */,
				CF000000000000000000000A /* WatchWidgets.xcconfig */,
				CF000000000000000000000B /* MobileTests.xcconfig */,
				CF0000000000000000000006 /* Local.xcconfig.example */,
			);
			path = Config;
			sourceTree = "<group>";
		};
		5A0000000000000000000010 /* Shared */ = {
			isa = PBXGroup;
			children = (
				5A0000000000000000000001 /* Core */,
				5A0000000000000000000002 /* Relay */,
				5A0000000000000000000003 /* UI */,
				5A0000000000000000000004 /* APIKeys */,
				5A0000000000000000000005 /* Widgets */,
			);
			path = Shared;
			sourceTree = "<group>";
		};
/* End PBXGroup section */

/* Begin PBXNativeTarget section */
		D20000000000000000000010 /* TokenroomMobileTests */ = {
			isa = PBXNativeTarget;
			buildConfigurationList = D20000000000000000000020 /* Build configuration list for PBXNativeTarget "TokenroomMobileTests" */;
			buildPhases = (
				D20000000000000000000011 /* Sources */,
				D20000000000000000000012 /* Frameworks */,
				D20000000000000000000013 /* Resources */,
			);
			buildRules = (
			);
			dependencies = (
				D20000000000000000000006 /* PBXTargetDependency */,
			);
			fileSystemSynchronizedGroups = (
				D20000000000000000000002 /* TokenroomMobileTests */,
			);
			name = TokenroomMobileTests;
			productName = TokenroomMobileTests;
			productReference = D20000000000000000000001 /* TokenroomMobileTests.xctest */;
			productType = "com.apple.product-type.bundle.unit-test";
		};
		AA0000000000000000000002 /* Tokenroom */ = {
			isa = PBXNativeTarget;
			buildConfigurationList = BB0000000000000000000002 /* Build configuration list for PBXNativeTarget "Tokenroom" */;
			buildPhases = (
				AA0000000000000000000012 /* Sources */,
				AA0000000000000000000011 /* Frameworks */,
				AA0000000000000000000013 /* Resources */,
			);
			buildRules = (
			);
			dependencies = (
			);
			fileSystemSynchronizedGroups = (
				AA0000000000000000000006 /* Tokenroom */,
				5A0000000000000000000001 /* Core */,
				5A0000000000000000000002 /* Relay */,
				5A0000000000000000000003 /* UI */,
				5A0000000000000000000004 /* APIKeys */,
			);
			name = Tokenroom;
			productName = Tokenroom;
			productReference = AA0000000000000000000004 /* Tokenroom.app */;
			productType = "com.apple.product-type.application";
		};
		AA0000000000000000000003 /* TokenroomTests */ = {
			isa = PBXNativeTarget;
			buildConfigurationList = BB0000000000000000000003 /* Build configuration list for PBXNativeTarget "TokenroomTests" */;
			buildPhases = (
				AA0000000000000000000015 /* Sources */,
				AA0000000000000000000014 /* Frameworks */,
				AA0000000000000000000016 /* Resources */,
			);
			buildRules = (
			);
			dependencies = (
				AA0000000000000000000018 /* PBXTargetDependency */,
			);
			fileSystemSynchronizedGroups = (
				AA0000000000000000000007 /* TokenroomTests */,
			);
			name = TokenroomTests;
			productName = TokenroomTests;
			productReference = AA0000000000000000000005 /* TokenroomTests.xctest */;
			productType = "com.apple.product-type.bundle.unit-test";
		};
		D10000000000000000000010 /* TokenroomMobile */ = {
			isa = PBXNativeTarget;
			buildConfigurationList = D10000000000000000000020 /* Build configuration list for PBXNativeTarget "TokenroomMobile" */;
			buildPhases = (
				D10000000000000000000011 /* Sources */,
				D10000000000000000000012 /* Frameworks */,
				D10000000000000000000013 /* Resources */,
				D10000000000000000000014 /* Embed Foundation Extensions */,
				D10000000000000000000015 /* Embed Watch Content */,
			);
			buildRules = (
			);
			dependencies = (
				E10000000000000000000006 /* PBXTargetDependency */,
				F10000000000000000000006 /* PBXTargetDependency */,
			);
			fileSystemSynchronizedGroups = (
				D10000000000000000000002 /* TokenroomMobile */,
				5A0000000000000000000001 /* Core */,
				5A0000000000000000000002 /* Relay */,
				5A0000000000000000000003 /* UI */,
				5A0000000000000000000004 /* APIKeys */,
				5A0000000000000000000005 /* Widgets */,
			);
			name = TokenroomMobile;
			productName = TokenroomMobile;
			productReference = D10000000000000000000001 /* TokenroomMobile.app */;
			productType = "com.apple.product-type.application";
		};
		E10000000000000000000010 /* TokenroomWidgets */ = {
			isa = PBXNativeTarget;
			buildConfigurationList = E10000000000000000000020 /* Build configuration list for PBXNativeTarget "TokenroomWidgets" */;
			buildPhases = (
				E10000000000000000000011 /* Sources */,
				E10000000000000000000012 /* Frameworks */,
				E10000000000000000000013 /* Resources */,
			);
			buildRules = (
			);
			dependencies = (
			);
			fileSystemSynchronizedGroups = (
				E10000000000000000000002 /* TokenroomWidgets */,
				5A0000000000000000000001 /* Core */,
				5A0000000000000000000002 /* Relay */,
				5A0000000000000000000003 /* UI */,
				5A0000000000000000000004 /* APIKeys */,
				5A0000000000000000000005 /* Widgets */,
			);
			name = TokenroomWidgets;
			productName = TokenroomWidgets;
			productReference = E10000000000000000000001 /* TokenroomWidgets.appex */;
			productType = "com.apple.product-type.app-extension";
		};
		F10000000000000000000010 /* TokenroomWatch */ = {
			isa = PBXNativeTarget;
			buildConfigurationList = F10000000000000000000020 /* Build configuration list for PBXNativeTarget "TokenroomWatch" */;
			buildPhases = (
				F10000000000000000000011 /* Sources */,
				F10000000000000000000012 /* Frameworks */,
				F10000000000000000000013 /* Resources */,
				F10000000000000000000007 /* Embed Foundation Extensions */,
			);
			buildRules = (
			);
			dependencies = (
				F20000000000000000000006 /* PBXTargetDependency */,
			);
			fileSystemSynchronizedGroups = (
				F10000000000000000000002 /* TokenroomWatch */,
				5A0000000000000000000001 /* Core */,
				5A0000000000000000000002 /* Relay */,
				5A0000000000000000000003 /* UI */,
			);
			name = TokenroomWatch;
			productName = TokenroomWatch;
			productReference = F10000000000000000000001 /* TokenroomWatch.app */;
			productType = "com.apple.product-type.application";
		};
		F20000000000000000000010 /* TokenroomWatchWidgets */ = {
			isa = PBXNativeTarget;
			buildConfigurationList = F20000000000000000000020 /* Build configuration list for PBXNativeTarget "TokenroomWatchWidgets" */;
			buildPhases = (
				F20000000000000000000011 /* Sources */,
				F20000000000000000000012 /* Frameworks */,
				F20000000000000000000013 /* Resources */,
			);
			buildRules = (
			);
			dependencies = (
			);
			fileSystemSynchronizedGroups = (
				F20000000000000000000002 /* TokenroomWatchWidgets */,
				5A0000000000000000000001 /* Core */,
				5A0000000000000000000002 /* Relay */,
				5A0000000000000000000003 /* UI */,
			);
			name = TokenroomWatchWidgets;
			productName = TokenroomWatchWidgets;
			productReference = F20000000000000000000001 /* TokenroomWatchWidgets.appex */;
			productType = "com.apple.product-type.app-extension";
		};
/* End PBXNativeTarget section */

/* Begin PBXProject section */
		AA0000000000000000000008 /* Project object */ = {
			isa = PBXProject;
			attributes = {
				BuildIndependentTargetsInParallel = 1;
				LastSwiftUpdateCheck = 2700;
				LastUpgradeCheck = 2700;
				TargetAttributes = {
					AA0000000000000000000002 = {
						CreatedOnToolsVersion = 27.0;
					};
					AA0000000000000000000003 = {
						CreatedOnToolsVersion = 27.0;
						TestTargetID = AA0000000000000000000002;
					};
					D10000000000000000000010 = {
						CreatedOnToolsVersion = 27.0;
					};
					D20000000000000000000010 = {
						CreatedOnToolsVersion = 27.0;
						TestTargetID = D10000000000000000000010;
					};
					E10000000000000000000010 = {
						CreatedOnToolsVersion = 27.0;
					};
					F10000000000000000000010 = {
						CreatedOnToolsVersion = 27.0;
					};
					F20000000000000000000010 = {
						CreatedOnToolsVersion = 27.0;
					};
				};
			};
			buildConfigurationList = BB0000000000000000000001 /* Build configuration list for PBXProject "Tokenroom" */;
			developmentRegion = en;
			hasScannedForEncodings = 0;
			knownRegions = (
				en,
				Base,
			);
			mainGroup = AA0000000000000000000009;
			minimizedProjectReferenceProxies = 1;
			preferredProjectObjectVersion = 77;
			productRefGroup = AA0000000000000000000010 /* Products */;
			projectDirPath = "";
			projectRoot = "";
			targets = (
				AA0000000000000000000002 /* Tokenroom */,
				AA0000000000000000000003 /* TokenroomTests */,
				D10000000000000000000010 /* TokenroomMobile */,
				D20000000000000000000010 /* TokenroomMobileTests */,
				E10000000000000000000010 /* TokenroomWidgets */,
				F10000000000000000000010 /* TokenroomWatch */,
				F20000000000000000000010 /* TokenroomWatchWidgets */,
			);
		};
/* End PBXProject section */

/* Begin PBXResourcesBuildPhase section */
		D20000000000000000000013 /* Resources */ = {
			isa = PBXResourcesBuildPhase;
			buildActionMask = 2147483647;
			files = (
			);
			runOnlyForDeploymentPostprocessing = 0;
		};
		AA0000000000000000000013 /* Resources */ = {
			isa = PBXResourcesBuildPhase;
			buildActionMask = 2147483647;
			files = (
			);
			runOnlyForDeploymentPostprocessing = 0;
		};
		AA0000000000000000000016 /* Resources */ = {
			isa = PBXResourcesBuildPhase;
			buildActionMask = 2147483647;
			files = (
			);
			runOnlyForDeploymentPostprocessing = 0;
		};
		D10000000000000000000013 /* Resources */ = {
			isa = PBXResourcesBuildPhase;
			buildActionMask = 2147483647;
			files = (
			);
			runOnlyForDeploymentPostprocessing = 0;
		};
		E10000000000000000000013 /* Resources */ = {
			isa = PBXResourcesBuildPhase;
			buildActionMask = 2147483647;
			files = (
			);
			runOnlyForDeploymentPostprocessing = 0;
		};
		F10000000000000000000013 /* Resources */ = {
			isa = PBXResourcesBuildPhase;
			buildActionMask = 2147483647;
			files = (
			);
			runOnlyForDeploymentPostprocessing = 0;
		};
		F20000000000000000000013 /* Resources */ = {
			isa = PBXResourcesBuildPhase;
			buildActionMask = 2147483647;
			files = (
			);
			runOnlyForDeploymentPostprocessing = 0;
		};
/* End PBXResourcesBuildPhase section */

/* Begin PBXSourcesBuildPhase section */
		D20000000000000000000011 /* Sources */ = {
			isa = PBXSourcesBuildPhase;
			buildActionMask = 2147483647;
			files = (
			);
			runOnlyForDeploymentPostprocessing = 0;
		};
		AA0000000000000000000012 /* Sources */ = {
			isa = PBXSourcesBuildPhase;
			buildActionMask = 2147483647;
			files = (
			);
			runOnlyForDeploymentPostprocessing = 0;
		};
		AA0000000000000000000015 /* Sources */ = {
			isa = PBXSourcesBuildPhase;
			buildActionMask = 2147483647;
			files = (
			);
			runOnlyForDeploymentPostprocessing = 0;
		};
		D10000000000000000000011 /* Sources */ = {
			isa = PBXSourcesBuildPhase;
			buildActionMask = 2147483647;
			files = (
			);
			runOnlyForDeploymentPostprocessing = 0;
		};
		E10000000000000000000011 /* Sources */ = {
			isa = PBXSourcesBuildPhase;
			buildActionMask = 2147483647;
			files = (
			);
			runOnlyForDeploymentPostprocessing = 0;
		};
		F10000000000000000000011 /* Sources */ = {
			isa = PBXSourcesBuildPhase;
			buildActionMask = 2147483647;
			files = (
			);
			runOnlyForDeploymentPostprocessing = 0;
		};
		F20000000000000000000011 /* Sources */ = {
			isa = PBXSourcesBuildPhase;
			buildActionMask = 2147483647;
			files = (
			);
			runOnlyForDeploymentPostprocessing = 0;
		};
/* End PBXSourcesBuildPhase section */

/* Begin PBXTargetDependency section */
		D20000000000000000000006 /* PBXTargetDependency */ = {
			isa = PBXTargetDependency;
			target = D10000000000000000000010 /* TokenroomMobile */;
			targetProxy = D20000000000000000000005 /* PBXContainerItemProxy */;
		};
		AA0000000000000000000018 /* PBXTargetDependency */ = {
			isa = PBXTargetDependency;
			target = AA0000000000000000000002 /* Tokenroom */;
			targetProxy = AA0000000000000000000017 /* PBXContainerItemProxy */;
		};
		E10000000000000000000006 /* PBXTargetDependency */ = {
			isa = PBXTargetDependency;
			target = E10000000000000000000010 /* TokenroomWidgets */;
			targetProxy = E10000000000000000000005 /* PBXContainerItemProxy */;
		};
		F10000000000000000000006 /* PBXTargetDependency */ = {
			isa = PBXTargetDependency;
			target = F10000000000000000000010 /* TokenroomWatch */;
			targetProxy = F10000000000000000000005 /* PBXContainerItemProxy */;
		};
		F20000000000000000000006 /* PBXTargetDependency */ = {
			isa = PBXTargetDependency;
			target = F20000000000000000000010 /* TokenroomWatchWidgets */;
			targetProxy = F20000000000000000000005 /* PBXContainerItemProxy */;
		};
/* End PBXTargetDependency section */

/* Begin XCBuildConfiguration section */
		D20000000000000000000021 /* Debug */ = {
			isa = XCBuildConfiguration;
			baseConfigurationReference = CF000000000000000000000B /* MobileTests.xcconfig */;
			buildSettings = {
			};
			name = Debug;
		};
		D20000000000000000000022 /* Release */ = {
			isa = XCBuildConfiguration;
			baseConfigurationReference = CF000000000000000000000B /* MobileTests.xcconfig */;
			buildSettings = {
			};
			name = Release;
		};
		CC0000000000000000000001 /* Debug */ = {
			isa = XCBuildConfiguration;
			baseConfigurationReference = CF0000000000000000000001 /* Base.xcconfig */;
			buildSettings = {
				ALWAYS_SEARCH_USER_PATHS = NO;
				CLANG_ENABLE_MODULES = YES;
				CLANG_ENABLE_OBJC_ARC = YES;
				COPY_PHASE_STRIP = NO;
				DEBUG_INFORMATION_FORMAT = dwarf;
				ENABLE_STRICT_OBJC_MSGSEND = YES;
				ENABLE_TESTABILITY = YES;
				GCC_DYNAMIC_NO_PIC = NO;
				GCC_NO_COMMON_BLOCKS = YES;
				GCC_OPTIMIZATION_LEVEL = 0;
				MACOSX_DEPLOYMENT_TARGET = 15.0;
				MTL_ENABLE_DEBUG_INFO = INCLUDE_SOURCE;
				ONLY_ACTIVE_ARCH = YES;
				SDKROOT = macosx;
				SWIFT_ACTIVE_COMPILATION_CONDITIONS = "DEBUG $(inherited)";
				SWIFT_OPTIMIZATION_LEVEL = "-Onone";
			};
			name = Debug;
		};
		CC0000000000000000000002 /* Release */ = {
			isa = XCBuildConfiguration;
			baseConfigurationReference = CF0000000000000000000001 /* Base.xcconfig */;
			buildSettings = {
				ALWAYS_SEARCH_USER_PATHS = NO;
				CLANG_ENABLE_MODULES = YES;
				CLANG_ENABLE_OBJC_ARC = YES;
				COPY_PHASE_STRIP = NO;
				DEBUG_INFORMATION_FORMAT = "dwarf-with-dsym";
				ENABLE_NS_ASSERTIONS = NO;
				ENABLE_STRICT_OBJC_MSGSEND = YES;
				GCC_NO_COMMON_BLOCKS = YES;
				MACOSX_DEPLOYMENT_TARGET = 15.0;
				MTL_ENABLE_DEBUG_INFO = NO;
				SDKROOT = macosx;
				SWIFT_COMPILATION_MODE = wholemodule;
			};
			name = Release;
		};
		CC0000000000000000000003 /* Debug */ = {
			isa = XCBuildConfiguration;
			baseConfigurationReference = CF0000000000000000000004 /* Mac.xcconfig */;
			buildSettings = {
				ASSETCATALOG_COMPILER_APPICON_NAME = AppIcon;
				COMBINE_HIDPI_IMAGES = YES;
				ENABLE_APP_SANDBOX = NO;
				ENABLE_HARDENED_RUNTIME = YES;
				ENABLE_PREVIEWS = YES;
				GENERATE_INFOPLIST_FILE = YES;
				INFOPLIST_KEY_CFBundleDisplayName = Tokenroom;
				INFOPLIST_KEY_LSApplicationCategoryType = "public.app-category.utilities";
				INFOPLIST_KEY_LSUIElement = YES;
				INFOPLIST_KEY_NSHumanReadableCopyright = "Tokenroom contributors";
				LD_RUNPATH_SEARCH_PATHS = (
					"$(inherited)",
					"@executable_path/../Frameworks",
				);
				MACOSX_DEPLOYMENT_TARGET = 15.0;
				OTHER_LDFLAGS = "-lsqlite3";
				PRODUCT_NAME = "$(TARGET_NAME)";
				SDKROOT = macosx;
				SWIFT_EMIT_LOC_STRINGS = YES;
			};
			name = Debug;
		};
		CC0000000000000000000004 /* Release */ = {
			isa = XCBuildConfiguration;
			baseConfigurationReference = CF0000000000000000000004 /* Mac.xcconfig */;
			buildSettings = {
				ASSETCATALOG_COMPILER_APPICON_NAME = AppIcon;
				COMBINE_HIDPI_IMAGES = YES;
				ENABLE_APP_SANDBOX = NO;
				ENABLE_HARDENED_RUNTIME = YES;
				ENABLE_PREVIEWS = YES;
				GENERATE_INFOPLIST_FILE = YES;
				INFOPLIST_KEY_CFBundleDisplayName = Tokenroom;
				INFOPLIST_KEY_LSApplicationCategoryType = "public.app-category.utilities";
				INFOPLIST_KEY_LSUIElement = YES;
				INFOPLIST_KEY_NSHumanReadableCopyright = "Tokenroom contributors";
				LD_RUNPATH_SEARCH_PATHS = (
					"$(inherited)",
					"@executable_path/../Frameworks",
				);
				MACOSX_DEPLOYMENT_TARGET = 15.0;
				OTHER_LDFLAGS = "-lsqlite3";
				PRODUCT_NAME = "$(TARGET_NAME)";
				SDKROOT = macosx;
				SWIFT_EMIT_LOC_STRINGS = YES;
			};
			name = Release;
		};
		CC0000000000000000000005 /* Debug */ = {
			isa = XCBuildConfiguration;
			baseConfigurationReference = CF0000000000000000000005 /* MacTests.xcconfig */;
			buildSettings = {
				BUNDLE_LOADER = "$(TEST_HOST)";
				GENERATE_INFOPLIST_FILE = YES;
				MACOSX_DEPLOYMENT_TARGET = 15.0;
				PRODUCT_NAME = "$(TARGET_NAME)";
				SDKROOT = macosx;
				TEST_HOST = "$(BUILT_PRODUCTS_DIR)/Tokenroom.app/Contents/MacOS/Tokenroom";
			};
			name = Debug;
		};
		CC0000000000000000000006 /* Release */ = {
			isa = XCBuildConfiguration;
			baseConfigurationReference = CF0000000000000000000005 /* MacTests.xcconfig */;
			buildSettings = {
				BUNDLE_LOADER = "$(TEST_HOST)";
				GENERATE_INFOPLIST_FILE = YES;
				MACOSX_DEPLOYMENT_TARGET = 15.0;
				PRODUCT_NAME = "$(TARGET_NAME)";
				SDKROOT = macosx;
				TEST_HOST = "$(BUILT_PRODUCTS_DIR)/Tokenroom.app/Contents/MacOS/Tokenroom";
			};
			name = Release;
		};
		D10000000000000000000021 /* Debug */ = {
			isa = XCBuildConfiguration;
			baseConfigurationReference = CF0000000000000000000007 /* Mobile.xcconfig */;
			buildSettings = {
			};
			name = Debug;
		};
		D10000000000000000000022 /* Release */ = {
			isa = XCBuildConfiguration;
			baseConfigurationReference = CF0000000000000000000007 /* Mobile.xcconfig */;
			buildSettings = {
			};
			name = Release;
		};
		E10000000000000000000021 /* Debug */ = {
			isa = XCBuildConfiguration;
			baseConfigurationReference = CF0000000000000000000008 /* Widgets.xcconfig */;
			buildSettings = {
			};
			name = Debug;
		};
		E10000000000000000000022 /* Release */ = {
			isa = XCBuildConfiguration;
			baseConfigurationReference = CF0000000000000000000008 /* Widgets.xcconfig */;
			buildSettings = {
			};
			name = Release;
		};
		F10000000000000000000021 /* Debug */ = {
			isa = XCBuildConfiguration;
			baseConfigurationReference = CF0000000000000000000009 /* Watch.xcconfig */;
			buildSettings = {
			};
			name = Debug;
		};
		F10000000000000000000022 /* Release */ = {
			isa = XCBuildConfiguration;
			baseConfigurationReference = CF0000000000000000000009 /* Watch.xcconfig */;
			buildSettings = {
			};
			name = Release;
		};
		F20000000000000000000021 /* Debug */ = {
			isa = XCBuildConfiguration;
			baseConfigurationReference = CF000000000000000000000A /* WatchWidgets.xcconfig */;
			buildSettings = {
			};
			name = Debug;
		};
		F20000000000000000000022 /* Release */ = {
			isa = XCBuildConfiguration;
			baseConfigurationReference = CF000000000000000000000A /* WatchWidgets.xcconfig */;
			buildSettings = {
			};
			name = Release;
		};
/* End XCBuildConfiguration section */

/* Begin XCConfigurationList section */
		D20000000000000000000020 /* Build configuration list for PBXNativeTarget "TokenroomMobileTests" */ = {
			isa = XCConfigurationList;
			buildConfigurations = (
				D20000000000000000000021 /* Debug */,
				D20000000000000000000022 /* Release */,
			);
			defaultConfigurationIsVisible = 0;
			defaultConfigurationName = Release;
		};
		BB0000000000000000000001 /* Build configuration list for PBXProject "Tokenroom" */ = {
			isa = XCConfigurationList;
			buildConfigurations = (
				CC0000000000000000000001 /* Debug */,
				CC0000000000000000000002 /* Release */,
			);
			defaultConfigurationIsVisible = 0;
			defaultConfigurationName = Release;
		};
		BB0000000000000000000002 /* Build configuration list for PBXNativeTarget "Tokenroom" */ = {
			isa = XCConfigurationList;
			buildConfigurations = (
				CC0000000000000000000003 /* Debug */,
				CC0000000000000000000004 /* Release */,
			);
			defaultConfigurationIsVisible = 0;
			defaultConfigurationName = Release;
		};
		BB0000000000000000000003 /* Build configuration list for PBXNativeTarget "TokenroomTests" */ = {
			isa = XCConfigurationList;
			buildConfigurations = (
				CC0000000000000000000005 /* Debug */,
				CC0000000000000000000006 /* Release */,
			);
			defaultConfigurationIsVisible = 0;
			defaultConfigurationName = Release;
		};
		D10000000000000000000020 /* Build configuration list for PBXNativeTarget "TokenroomMobile" */ = {
			isa = XCConfigurationList;
			buildConfigurations = (
				D10000000000000000000021 /* Debug */,
				D10000000000000000000022 /* Release */,
			);
			defaultConfigurationIsVisible = 0;
			defaultConfigurationName = Release;
		};
		E10000000000000000000020 /* Build configuration list for PBXNativeTarget "TokenroomWidgets" */ = {
			isa = XCConfigurationList;
			buildConfigurations = (
				E10000000000000000000021 /* Debug */,
				E10000000000000000000022 /* Release */,
			);
			defaultConfigurationIsVisible = 0;
			defaultConfigurationName = Release;
		};
		F10000000000000000000020 /* Build configuration list for PBXNativeTarget "TokenroomWatch" */ = {
			isa = XCConfigurationList;
			buildConfigurations = (
				F10000000000000000000021 /* Debug */,
				F10000000000000000000022 /* Release */,
			);
			defaultConfigurationIsVisible = 0;
			defaultConfigurationName = Release;
		};
		F20000000000000000000020 /* Build configuration list for PBXNativeTarget "TokenroomWatchWidgets" */ = {
			isa = XCConfigurationList;
			buildConfigurations = (
				F20000000000000000000021 /* Debug */,
				F20000000000000000000022 /* Release */,
			);
			defaultConfigurationIsVisible = 0;
			defaultConfigurationName = Release;
		};
/* End XCConfigurationList section */
	};
	rootObject = AA0000000000000000000008 /* Project object */;
}
